
Microsoft Visual Studio Solution File, Format Version 12.00
# Visual Studio Version 17
VisualStudioVersion = 17.0.31903.59
MinimumVisualStudioVersion = 10.0.40219.1
Project("{FAE04EC0-301F-11D3-BF4B-00C04F79EFBC}") = "API", "API\API.csproj", "{0D943456-927B-48F7-85C6-3CA4820D788B}"
EndProject
Project("{FAE04EC0-301F-11D3-BF4B-00C04F79EFBC}") = "Core", "Core\Core.csproj", "{8BEB391A-9CA6-4D0A-9962-ADD3682DBCA9}"
EndProject
Project("{FAE04EC0-301F-11D3-BF4B-00C04F79EFBC}") = "Infrastructure", "Infrastructure\Infrastructure.csproj", "{4D58A60C-4D44-40CA-93F2-B3D077B65245}"
EndProject
Global
	GlobalSection(SolutionConfigurationPlatforms) = preSolution
		Debug|Any CPU = Debug|Any CPU
		Release|Any CPU = Release|Any CPU
	EndGlobalSection
	GlobalSection(SolutionProperties) = preSolution
		HideSolutionNode = FALSE
	EndGlobalSection
	GlobalSection(ProjectConfigurationPlatforms) = postSolution
		{0D943456-927B-48F7-85C6-3CA4820D788B}.Debug|Any CPU.ActiveCfg = Debug|Any CPU
		{0D943456-927B-48F7-85C6-3CA4820D788B}.Debug|Any CPU.Build.0 = Debug|Any CPU
		{0D943456-927B-48F7-85C6-3CA4820D788B}.Release|Any CPU.ActiveCfg = Release|Any CPU
		{0D943456-927B-48F7-85C6-3CA4820D788B}.Release|Any CPU.Build.0 = Release|Any CPU
		{8BEB391A-9CA6-4D0A-9962-ADD3682DBCA9}.Debug|Any CPU.ActiveCfg = Debug|Any CPU
		{8BEB391A-9CA6-4D0A-9962-ADD3682DBCA9}.Debug|Any CPU.Build.0 = Debug|Any CPU
		{8BEB391A-9CA6-4D0A-9962-ADD3682DBCA9}.Release|Any CPU.ActiveCfg = Release|Any CPU
		{8BEB391A-9CA6-4D0A-9962-ADD3682DBCA9}.Release|Any CPU.Build.0 = Release|Any CPU
		{4D58A60C-4D44-40CA-93F2-B3D077B65245}.Debug|Any CPU.ActiveCfg = Debug|Any CPU
		{4D58A60C-4D44-40CA-93F2-B3D077B65245}.Debug|Any CPU.Build.0 = Debug|Any CPU
		{4D58A60C-4D44-40CA-93F2-B3D077B65245}.Release|Any CPU.ActiveCfg = Release|Any CPU
		{4D58A60C-4D44-40CA-93F2-B3D077B65245}.Release|Any CPU.Build.0 = Release|Any CPU
	EndGlobalSection
EndGlobal
